
Microsoft Visual Studio Solution File, Format Version 12.00
# Visual Studio Version 17
VisualStudioVersion = 17.11.35222.181
MinimumVisualStudioVersion = 10.0.40219.1
Project("{FAE04EC0-301F-11D3-BF4B-00C04F79EFBC}") = "lab4_1", "lab4_1.csproj", "{59E01271-5376-41F7-A58A-8A16DA02466E}"
EndProject
Global
	GlobalSection(SolutionConfigurationPlatforms) = preSolution
		Debug|Any CPU = Debug|Any CPU
		Release|Any CPU = Release|Any CPU
	EndGlobalSection
	GlobalSection(ProjectConfigurationPlatforms) = postSolution
		{59E01271-5376-41F7-A58A-8A16DA02466E}.Debug|Any CPU.ActiveCfg = Debug|Any CPU
		{59E01271-5376-41F7-A58A-8A16DA02466E}.Debug|Any CPU.Build.0 = Debug|Any CPU
		{59E01271-5376-41F7-A58A-8A16DA02466E}.Release|Any CPU.ActiveCfg = Release|Any CPU
		{59E01271-5376-41F7-A58A-8A16DA02466E}.Release|Any CPU.Build.0 = Release|Any CPU
	EndGlobalSection
	GlobalSection(SolutionProperties) = preSolution
		HideSolutionNode = FALSE
	EndGlobalSection
	GlobalSection(ExtensibilityGlobals) = postSolution
		SolutionGuid = {BB36720C-9F05-4344-902D-E022CEDDB8EE}
	EndGlobalSection
EndGlobal
